
Microsoft Visual Studio Solution File, Format Version 12.00
# Visual Studio Version 17
VisualStudioVersion = 17.0.31903.59
MinimumVisualStudioVersion = 10.0.40219.1
Project("{2150E333-8FDC-42A3-9474-1A3956D46DE8}") = "src", "src", "{827E0CD3-B72D-47B6-A68D-7590B98EB39B}"
EndProject
Project("{FAE04EC0-301F-11D3-BF4B-00C04F79EFBC}") = "AG2Router.Core", "src\AG2Router.Core\AG2Router.Core.csproj", "{3CE1864A-6A95-4FA1-8FCB-D656F0046847}"
EndProject
Project("{FAE04EC0-301F-11D3-BF4B-00C04F79EFBC}") = "AG2Router.AG2", "src\AG2Router.AG2\AG2Router.AG2.csproj", "{13F26512-4B5B-44A2-9078-D378EA1A70FC}"
EndProject
Project("{FAE04EC0-301F-11D3-BF4B-00C04F79EFBC}") = "AG2Router.Windows", "src\AG2Router.Windows\AG2Router.Windows.csproj", "{D8CDDBBD-4053-4E35-AA58-86A7E877E083}"
EndProject
Project("{FAE04EC0-301F-11D3-BF4B-00C04F79EFBC}") = "AG2Router.App", "src\AG2Router.App\AG2Router.App.csproj", "{82B9EEA7-D2A4-4621-9179-6CFB2578584C}"
EndProject
Project("{2150E333-8FDC-42A3-9474-1A3956D46DE8}") = "tests", "tests", "{0AB3BF05-4346-4AA6-1389-037BE0695223}"
EndProject
Project("{FAE04EC0-301F-11D3-BF4B-00C04F79EFBC}") = "AG2Router.Tests", "tests\AG2Router.Tests\AG2Router.Tests.csproj", "{14884CA1-8548-4F5D-92B3-7DD0E1A80122}"
EndProject
Global
	GlobalSection(SolutionConfigurationPlatforms) = preSolution
		Debug|Any CPU = Debug|Any CPU
		Debug|x64 = Debug|x64
		Debug|x86 = Debug|x86
		Release|Any CPU = Release|Any CPU
		Release|x64 = Release|x64
		Release|x86 = Release|x86
	EndGlobalSection
	GlobalSection(ProjectConfigurationPlatforms) = postSolution
		{3CE1864A-6A95-4FA1-8FCB-D656F0046847}.Debug|Any CPU.ActiveCfg = Debug|Any CPU
		{3CE1864A-6A95-4FA1-8FCB-D656F0046847}.Debug|Any CPU.Build.0 = Debug|Any CPU
		{3CE1864A-6A95-4FA1-8FCB-D656F0046847}.Debug|x64.ActiveCfg = Debug|Any CPU
		{3CE1864A-6A95-4FA1-8FCB-D656F0046847}.Debug|x64.Build.0 = Debug|Any CPU
		{3CE1864A-6A95-4FA1-8FCB-D656F0046847}.Debug|x86.ActiveCfg = Debug|Any CPU
		{3CE1864A-6A95-4FA1-8FCB-D656F0046847}.Debug|x86.Build.0 = Debug|Any CPU
		{3CE1864A-6A95-4FA1-8FCB-D656F0046847}.Release|Any CPU.ActiveCfg = Release|Any CPU
		{3CE1864A-6A95-4FA1-8FCB-D656F0046847}.Release|Any CPU.Build.0 = Release|Any CPU
		{3CE1864A-6A95-4FA1-8FCB-D656F0046847}.Release|x64.ActiveCfg = Release|Any CPU
		{3CE1864A-6A95-4FA1-8FCB-D656F0046847}.Release|x64.Build.0 = Release|Any CPU
		{3CE1864A-6A95-4FA1-8FCB-D656F0046847}.Release|x86.ActiveCfg = Release|Any CPU
		{3CE1864A-6A95-4FA1-8FCB-D656F0046847}.Release|x86.Build.0 = Release|Any CPU
		{13F26512-4B5B-44A2-9078-D378EA1A70FC}.Debug|Any CPU.ActiveCfg = Debug|Any CPU
		{13F26512-4B5B-44A2-9078-D378EA1A70FC}.Debug|Any CPU.Build.0 = Debug|Any CPU
		{13F26512-4B5B-44A2-9078-D378EA1A70FC}.Debug|x64.ActiveCfg = Debug|Any CPU
		{13F26512-4B5B-44A2-9078-D378EA1A70FC}.Debug|x64.Build.0 = Debug|Any CPU
		{13F26512-4B5B-44A2-9078-D378EA1A70FC}.Debug|x86.ActiveCfg = Debug|Any CPU
		{13F26512-4B5B-44A2-9078-D378EA1A70FC}.Debug|x86.Build.0 = Debug|Any CPU
		{13F26512-4B5B-44A2-9078-D378EA1A70FC}.Release|Any CPU.ActiveCfg = Release|Any CPU
		{13F26512-4B5B-44A2-9078-D378EA1A70FC}.Release|Any CPU.Build.0 = Release|Any CPU
		{13F26512-4B5B-44A2-9078-D378EA1A70FC}.Release|x64.ActiveCfg = Release|Any CPU
		{13F26512-4B5B-44A2-9078-D378EA1A70FC}.Release|x64.Build.0 = Release|Any CPU
		{13F26512-4B5B-44A2-9078-D378EA1A70FC}.Release|x86.ActiveCfg = Release|Any CPU
		{13F26512-4B5B-44A2-9078-D378EA1A70FC}.Release|x86.Build.0 = Release|Any CPU
		{D8CDDBBD-4053-4E35-AA58-86A7E877E083}.Debug|Any CPU.ActiveCfg = Debug|Any CPU
		{D8CDDBBD-4053-4E35-AA58-86A7E877E083}.Debug|Any CPU.Build.0 = Debug|Any CPU
		{D8CDDBBD-4053-4E35-AA58-86A7E877E083}.Debug|x64.ActiveCfg = Debug|Any CPU
		{D8CDDBBD-4053-4E35-AA58-86A7E877E083}.Debug|x64.Build.0 = Debug|Any CPU
		{D8CDDBBD-4053-4E35-AA58-86A7E877E083}.Debug|x86.ActiveCfg = Debug|Any CPU
		{D8CDDBBD-4053-4E35-AA58-86A7E877E083}.Debug|x86.Build.0 = Debug|Any CPU
		{D8CDDBBD-4053-4E35-AA58-86A7E877E083}.Release|Any CPU.ActiveCfg = Release|Any CPU
		{D8CDDBBD-4053-4E35-AA58-86A7E877E083}.Release|Any CPU.Build.0 = Release|Any CPU
		{D8CDDBBD-4053-4E35-AA58-86A7E877E083}.Release|x64.ActiveCfg = Release|Any CPU
		{D8CDDBBD-4053-4E35-AA58-86A7E877E083}.Release|x64.Build.0 = Release|Any CPU
		{D8CDDBBD-4053-4E35-AA58-86A7E877E083}.Release|x86.ActiveCfg = Release|Any CPU
		{D8CDDBBD-4053-4E35-AA58-86A7E877E083}.Release|x86.Build.0 = Release|Any CPU
		{82B9EEA7-D2A4-4621-9179-6CFB2578584C}.Debug|Any CPU.ActiveCfg = Debug|Any CPU
		{82B9EEA7-D2A4-4621-9179-6CFB2578584C}.Debug|Any CPU.Build.0 = Debug|Any CPU
		{82B9EEA7-D2A4-4621-9179-6CFB2578584C}.Debug|x64.ActiveCfg = Debug|Any CPU
		{82B9EEA7-D2A4-4621-9179-6CFB2578584C}.Debug|x64.Build.0 = Debug|Any CPU
		{82B9EEA7-D2A4-4621-9179-6CFB2578584C}.Debug|x86.ActiveCfg = Debug|Any CPU
		{82B9EEA7-D2A4-4621-9179-6CFB2578584C}.Debug|x86.Build.0 = Debug|Any CPU
		{82B9EEA7-D2A4-4621-9179-6CFB2578584C}.Release|Any CPU.ActiveCfg = Release|Any CPU
		{82B9EEA7-D2A4-4621-9179-6CFB2578584C}.Release|Any CPU.Build.0 = Release|Any CPU
		{82B9EEA7-D2A4-4621-9179-6CFB2578584C}.Release|x64.ActiveCfg = Release|Any CPU
		{82B9EEA7-D2A4-4621-9179-6CFB2578584C}.Release|x64.Build.0 = Release|Any CPU
		{82B9EEA7-D2A4-4621-9179-6CFB2578584C}.Release|x86.ActiveCfg = Release|Any CPU
		{82B9EEA7-D2A4-4621-9179-6CFB2578584C}.Release|x86.Build.0 = Release|Any CPU
		{14884CA1-8548-4F5D-92B3-7DD0E1A80122}.Debug|Any CPU.ActiveCfg = Debug|Any CPU
		{14884CA1-8548-4F5D-92B3-7DD0E1A80122}.Debug|Any CPU.Build.0 = Debug|Any CPU
		{14884CA1-8548-4F5D-92B3-7DD0E1A80122}.Debug|x64.ActiveCfg = Debug|Any CPU
		{14884CA1-8548-4F5D-92B3-7DD0E1A80122}.Debug|x64.Build.0 = Debug|Any CPU
		{14884CA1-8548-4F5D-92B3-7DD0E1A80122}.Debug|x86.ActiveCfg = Debug|Any CPU
		{14884CA1-8548-4F5D-92B3-7DD0E1A80122}.Debug|x86.Build.0 = Debug|Any CPU
		{14884CA1-8548-4F5D-92B3-7DD0E1A80122}.Release|Any CPU.ActiveCfg = Release|Any CPU
		{14884CA1-8548-4F5D-92B3-7DD0E1A80122}.Release|Any CPU.Build.0 = Release|Any CPU
		{14884CA1-8548-4F5D-92B3-7DD0E1A80122}.Release|x64.ActiveCfg = Release|Any CPU
		{14884CA1-8548-4F5D-92B3-7DD0E1A80122}.Release|x64.Build.0 = Release|Any CPU
		{14884CA1-8548-4F5D-92B3-7DD0E1A80122}.Release|x86.ActiveCfg = Release|Any CPU
		{14884CA1-8548-4F5D-92B3-7DD0E1A80122}.Release|x86.Build.0 = Release|Any CPU
	EndGlobalSection
	GlobalSection(SolutionProperties) = preSolution
		HideSolutionNode = FALSE
	EndGlobalSection
	GlobalSection(NestedProjects) = preSolution
		{3CE1864A-6A95-4FA1-8FCB-D656F0046847} = {827E0CD3-B72D-47B6-A68D-7590B98EB39B}
		{13F26512-4B5B-44A2-9078-D378EA1A70FC} = {827E0CD3-B72D-47B6-A68D-7590B98EB39B}
		{D8CDDBBD-4053-4E35-AA58-86A7E877E083} = {827E0CD3-B72D-47B6-A68D-7590B98EB39B}
		{82B9EEA7-D2A4-4621-9179-6CFB2578584C} = {827E0CD3-B72D-47B6-A68D-7590B98EB39B}
		{14884CA1-8548-4F5D-92B3-7DD0E1A80122} = {0AB3BF05-4346-4AA6-1389-037BE0695223}
	EndGlobalSection
EndGlobal
